
Microsoft Visual Studio Solution File, Format Version 12.00
# Visual Studio Version 17
VisualStudioVersion = 17.0.32112.339
MinimumVisualStudioVersion = 10.0.40219.1
Project("{9A19103F-16F7-4668-BE54-9A1E7A4F7556}") = "01. Sign of Integer Numbers", "1. Sign of Integer Numbers\01. Sign of Integer Numbers.csproj", "{725C9831-29F8-4992-BEFC-4A6ECA465D5D}"
EndProject
Project("{2150E333-8FDC-42A3-9474-1A3956D46DE8}") = "Lab", "Lab", "{8B413D78-1F30-4EFB-BF02-CFEFAF7F3B26}"
EndProject
Project("{9A19103F-16F7-4668-BE54-9A1E7A4F7556}") = "02. Grades", "2. Grades\02. Grades.csproj", "{D0E4C95B-1D5E-43FE-8E64-8D65AE2258C3}"
EndProject
Project("{9A19103F-16F7-4668-BE54-9A1E7A4F7556}") = "03. Calculations", "3. Calculations\03. Calculations.csproj", "{23765AC6-A36C-45C2-8CE4-876D95A494BF}"
EndProject
Project("{9A19103F-16F7-4668-BE54-9A1E7A4F7556}") = "04. Printing Triangle", "4. Printing Triangle\04. Printing Triangle.csproj", "{A11A635B-8658-4E04-86D3-ECC637A90510}"
EndProject
Project("{9A19103F-16F7-4668-BE54-9A1E7A4F7556}") = "05. Orders", "5. Orders\05. Orders.csproj", "{92EBC33D-6EB0-4CE5-A01D-E7F57E4B8672}"
EndProject
Project("{9A19103F-16F7-4668-BE54-9A1E7A4F7556}") = "06. Calculate Rectangle Area", "6. Calculate Rectangle Area\06. Calculate Rectangle Area.csproj", "{E3E374DF-7213-420B-9553-87D48E506D61}"
EndProject
Project("{9A19103F-16F7-4668-BE54-9A1E7A4F7556}") = "07. Repeat String", "7. Repeat String\07. Repeat String.csproj", "{9767480C-BF97-4761-9A19-D9225F98458F}"
EndProject
Project("{9A19103F-16F7-4668-BE54-9A1E7A4F7556}") = "08. Math Power", "8. Math Power\08. Math Power.csproj", "{780B4681-76A6-45E7-BCBC-499FC566144C}"
EndProject
Project("{9A19103F-16F7-4668-BE54-9A1E7A4F7556}") = "09. Greater of Two Values", "9. Greater of Two Values\09. Greater of Two Values.csproj", "{1A3BF233-8339-4BCF-9FD3-A7E4EA965B6E}"
EndProject
Project("{9A19103F-16F7-4668-BE54-9A1E7A4F7556}") = "10. Multiply Evens by Odds", "10. Multiply Evens by Odds\10. Multiply Evens by Odds.csproj", "{25475065-841B-497A-89B6-17226D5561A8}"
EndProject
Project("{9A19103F-16F7-4668-BE54-9A1E7A4F7556}") = "11. Math Operations", "11. Math Operations\11. Math Operations.csproj", "{1595513E-EA5A-467C-A81A-B5B76C5916FE}"
EndProject
Project("{2150E333-8FDC-42A3-9474-1A3956D46DE8}") = "exe", "exe", "{987832F3-6017-4FB9-AF24-CD406BFC3F1B}"
EndProject
Project("{9A19103F-16F7-4668-BE54-9A1E7A4F7556}") = "01. Smallest of Three Numbers", "01. Smallest of Three Numbers\01. Smallest of Three Numbers.csproj", "{003D3232-E94B-4601-9847-43E6B3291A9E}"
EndProject
Project("{9A19103F-16F7-4668-BE54-9A1E7A4F7556}") = "02. Vowels Count", "02. Vowels Count\02. Vowels Count.csproj", "{B5405FA6-4FD1-432D-B8E0-6295987ADA12}"
EndProject
Project("{9A19103F-16F7-4668-BE54-9A1E7A4F7556}") = "03. Characters in Range", "03. Characters in Range\03. Characters in Range.csproj", "{0A3445A1-B41F-4219-A7E2-0D8C1EB9CD37}"
EndProject
Project("{9A19103F-16F7-4668-BE54-9A1E7A4F7556}") = "04. Password Validator", "4. Password Validator\04. Password Validator.csproj", "{493D96D1-31CB-47E9-8AD8-2ECE4B316A30}"
EndProject
Project("{9A19103F-16F7-4668-BE54-9A1E7A4F7556}") = "05. Add and Subtract", "5. Add and Subtract\05. Add and Subtract.csproj", "{802EA8BE-C6F1-45DB-B90E-E8918F533732}"
EndProject
Project("{9A19103F-16F7-4668-BE54-9A1E7A4F7556}") = "06. Middle Characters", "06. Middle Characters\06. Middle Characters.csproj", "{4BADD3D9-AD55-4945-81A5-317B88419A8F}"
EndProject
Project("{9A19103F-16F7-4668-BE54-9A1E7A4F7556}") = "07. NxN Matrix", "07. NxN Matrix\07. NxN Matrix.csproj", "{F75E50D3-8F64-4832-851A-BAF1E6DFBDB6}"
EndProject
Project("{FAE04EC0-301F-11D3-BF4B-00C04F79EFBC}") = "08. Factorial Division", "8. Factorial Division\08. Factorial Division.csproj", "{CEC43BCF-62FF-4C11-AF12-A7A065D931F2}"
EndProject
Project("{FAE04EC0-301F-11D3-BF4B-00C04F79EFBC}") = "09. Palindrome Integers", "09. Palindrome Integers\09. Palindrome Integers.csproj", "{8872F28E-6060-4881-8ACC-CDB78366AF27}"
EndProject
Project("{FAE04EC0-301F-11D3-BF4B-00C04F79EFBC}") = "10. Top Number", "10. Top Number\10. Top Number.csproj", "{10912F55-1E2C-4005-A7C6-6D7B3F29FFFC}"
EndProject
Global
	GlobalSection(SolutionConfigurationPlatforms) = preSolution
		Debug|Any CPU = Debug|Any CPU
		Release|Any CPU = Release|Any CPU
	EndGlobalSection
	GlobalSection(ProjectConfigurationPlatforms) = postSolution
		{725C9831-29F8-4992-BEFC-4A6ECA465D5D}.Debug|Any CPU.ActiveCfg = Debug|Any CPU
		{725C9831-29F8-4992-BEFC-4A6ECA465D5D}.Debug|Any CPU.Build.0 = Debug|Any CPU
		{725C9831-29F8-4992-BEFC-4A6ECA465D5D}.Release|Any CPU.ActiveCfg = Release|Any CPU
		{725C9831-29F8-4992-BEFC-4A6ECA465D5D}.Release|Any CPU.Build.0 = Release|Any CPU
		{D0E4C95B-1D5E-43FE-8E64-8D65AE2258C3}.Debug|Any CPU.ActiveCfg = Debug|Any CPU
		{D0E4C95B-1D5E-43FE-8E64-8D65AE2258C3}.Debug|Any CPU.Build.0 = Debug|Any CPU
		{D0E4C95B-1D5E-43FE-8E64-8D65AE2258C3}.Release|Any CPU.ActiveCfg = Release|Any CPU
		{D0E4C95B-1D5E-43FE-8E64-8D65AE2258C3}.Release|Any CPU.Build.0 = Release|Any CPU
		{23765AC6-A36C-45C2-8CE4-876D95A494BF}.Debug|Any CPU.ActiveCfg = Debug|Any CPU
		{23765AC6-A36C-45C2-8CE4-876D95A494BF}.Debug|Any CPU.Build.0 = Debug|Any CPU
		{23765AC6-A36C-45C2-8CE4-876D95A494BF}.Release|Any CPU.ActiveCfg = Release|Any CPU
		{23765AC6-A36C-45C2-8CE4-876D95A494BF}.Release|Any CPU.Build.0 = Release|Any CPU
		{A11A635B-8658-4E04-86D3-ECC637A90510}.Debug|Any CPU.ActiveCfg = Debug|Any CPU
		{A11A635B-8658-4E04-86D3-ECC637A90510}.Debug|Any CPU.Build.0 = Debug|Any CPU
		{A11A635B-8658-4E04-86D3-ECC637A90510}.Release|Any CPU.ActiveCfg = Release|Any CPU
		{A11A635B-8658-4E04-86D3-ECC637A90510}.Release|Any CPU.Build.0 = Release|Any CPU
		{92EBC33D-6EB0-4CE5-A01D-E7F57E4B8672}.Debug|Any CPU.ActiveCfg = Debug|Any CPU
		{92EBC33D-6EB0-4CE5-A01D-E7F57E4B8672}.Debug|Any CPU.Build.0 = Debug|Any CPU
		{92EBC33D-6EB0-4CE5-A01D-E7F57E4B8672}.Release|Any CPU.ActiveCfg = Release|Any CPU
		{92EBC33D-6EB0-4CE5-A01D-E7F57E4B8672}.Release|Any CPU.Build.0 = Release|Any CPU
		{E3E374DF-7213-420B-9553-87D48E506D61}.Debug|Any CPU.ActiveCfg = Debug|Any CPU
		{E3E374DF-7213-420B-9553-87D48E506D61}.Debug|Any CPU.Build.0 = Debug|Any CPU
		{E3E374DF-7213-420B-9553-87D48E506D61}.Release|Any CPU.ActiveCfg = Release|Any CPU
		{E3E374DF-7213-420B-9553-87D48E506D61}.Release|Any CPU.Build.0 = Release|Any CPU
		{9767480C-BF97-4761-9A19-D9225F98458F}.Debug|Any CPU.ActiveCfg = Debug|Any CPU
		{9767480C-BF97-4761-9A19-D9225F98458F}.Debug|Any CPU.Build.0 = Debug|Any CPU
		{9767480C-BF97-4761-9A19-D9225F98458F}.Release|Any CPU.ActiveCfg = Release|Any CPU
		{9767480C-BF97-4761-9A19-D9225F98458F}.Release|Any CPU.Build.0 = Release|Any CPU
		{780B4681-76A6-45E7-BCBC-499FC566144C}.Debug|Any CPU.ActiveCfg = Debug|Any CPU
		{780B4681-76A6-45E7-BCBC-499FC566144C}.Debug|Any CPU.Build.0 = Debug|Any CPU
		{780B4681-76A6-45E7-BCBC-499FC566144C}.Release|Any CPU.ActiveCfg = Release|Any CPU
		{780B4681-76A6-45E7-BCBC-499FC566144C}.Release|Any CPU.Build.0 = Release|Any CPU
		{1A3BF233-8339-4BCF-9FD3-A7E4EA965B6E}.Debug|Any CPU.ActiveCfg = Debug|Any CPU
		{1A3BF233-8339-4BCF-9FD3-A7E4EA965B6E}.Debug|Any CPU.Build.0 = Debug|Any CPU
		{1A3BF233-8339-4BCF-9FD3-A7E4EA965B6E}.Release|Any CPU.ActiveCfg = Release|Any CPU
		{1A3BF233-8339-4BCF-9FD3-A7E4EA965B6E}.Release|Any CPU.Build.0 = Release|Any CPU
		{25475065-841B-497A-89B6-17226D5561A8}.Debug|Any CPU.ActiveCfg = Debug|Any CPU
		{25475065-841B-497A-89B6-17226D5561A8}.Debug|Any CPU.Build.0 = Debug|Any CPU
		{25475065-841B-497A-89B6-17226D5561A8}.Release|Any CPU.ActiveCfg = Release|Any CPU
		{25475065-841B-497A-89B6-17226D5561A8}.Release|Any CPU.Build.0 = Release|Any CPU
		{1595513E-EA5A-467C-A81A-B5B76C5916FE}.Debug|Any CPU.ActiveCfg = Debug|Any CPU
		{1595513E-EA5A-467C-A81A-B5B76C5916FE}.Debug|Any CPU.Build.0 = Debug|Any CPU
		{1595513E-EA5A-467C-A81A-B5B76C5916FE}.Release|Any CPU.ActiveCfg = Release|Any CPU
		{1595513E-EA5A-467C-A81A-B5B76C5916FE}.Release|Any CPU.Build.0 = Release|Any CPU
		{003D3232-E94B-4601-9847-43E6B3291A9E}.Debug|Any CPU.ActiveCfg = Debug|Any CPU
		{003D3232-E94B-4601-9847-43E6B3291A9E}.Debug|Any CPU.Build.0 = Debug|Any CPU
		{003D3232-E94B-4601-9847-43E6B3291A9E}.Release|Any CPU.ActiveCfg = Release|Any CPU
		{003D3232-E94B-4601-9847-43E6B3291A9E}.Release|Any CPU.Build.0 = Release|Any CPU
		{B5405FA6-4FD1-432D-B8E0-6295987ADA12}.Debug|Any CPU.ActiveCfg = Debug|Any CPU
		{B5405FA6-4FD1-432D-B8E0-6295987ADA12}.Debug|Any CPU.Build.0 = Debug|Any CPU
		{B5405FA6-4FD1-432D-B8E0-6295987ADA12}.Release|Any CPU.ActiveCfg = Release|Any CPU
		{B5405FA6-4FD1-432D-B8E0-6295987ADA12}.Release|Any CPU.Build.0 = Release|Any CPU
		{0A3445A1-B41F-4219-A7E2-0D8C1EB9CD37}.Debug|Any CPU.ActiveCfg = Debug|Any CPU
		{0A3445A1-B41F-4219-A7E2-0D8C1EB9CD37}.Debug|Any CPU.Build.0 = Debug|Any CPU
		{0A3445A1-B41F-4219-A7E2-0D8C1EB9CD37}.Release|Any CPU.ActiveCfg = Release|Any CPU
		{0A3445A1-B41F-4219-A7E2-0D8C1EB9CD37}.Release|Any CPU.Build.0 = Release|Any CPU
		{493D96D1-31CB-47E9-8AD8-2ECE4B316A30}.Debug|Any CPU.ActiveCfg = Debug|Any CPU
		{493D96D1-31CB-47E9-8AD8-2ECE4B316A30}.Debug|Any CPU.Build.0 = Debug|Any CPU
		{493D96D1-31CB-47E9-8AD8-2ECE4B316A30}.Release|Any CPU.ActiveCfg = Release|Any CPU
		{493D96D1-31CB-47E9-8AD8-2ECE4B316A30}.Release|Any CPU.Build.0 = Release|Any CPU
		{802EA8BE-C6F1-45DB-B90E-E8918F533732}.Debug|Any CPU.ActiveCfg = Debug|Any CPU
		{802EA8BE-C6F1-45DB-B90E-E8918F533732}.Debug|Any CPU.Build.0 = Debug|Any CPU
		{802EA8BE-C6F1-45DB-B90E-E8918F533732}.Release|Any CPU.ActiveCfg = Release|Any CPU
		{802EA8BE-C6F1-45DB-B90E-E8918F533732}.Release|Any CPU.Build.0 = Release|Any CPU
		{4BADD3D9-AD55-4945-81A5-317B88419A8F}.Debug|Any CPU.ActiveCfg = Debug|Any CPU
		{4BADD3D9-AD55-4945-81A5-317B88419A8F}.Debug|Any CPU.Build.0 = Debug|Any CPU
		{4BADD3D9-AD55-4945-81A5-317B88419A8F}.Release|Any CPU.ActiveCfg = Release|Any CPU
		{4BADD3D9-AD55-4945-81A5-317B88419A8F}.Release|Any CPU.Build.0 = Release|Any CPU
		{F75E50D3-8F64-4832-851A-BAF1E6DFBDB6}.Debug|Any CPU.ActiveCfg = Debug|Any CPU
		{F75E50D3-8F64-4832-851A-BAF1E6DFBDB6}.Debug|Any CPU.Build.0 = Debug|Any CPU
		{F75E50D3-8F64-4832-851A-BAF1E6DFBDB6}.Release|Any CPU.ActiveCfg = Release|Any CPU
		{F75E50D3-8F64-4832-851A-BAF1E6DFBDB6}.Release|Any CPU.Build.0 = Release|Any CPU
		{CEC43BCF-62FF-4C11-AF12-A7A065D931F2}.Debug|Any CPU.ActiveCfg = Debug|Any CPU
		{CEC43BCF-62FF-4C11-AF12-A7A065D931F2}.Debug|Any CPU.Build.0 = Debug|Any CPU
		{CEC43BCF-62FF-4C11-AF12-A7A065D931F2}.Release|Any CPU.ActiveCfg = Release|Any CPU
		{CEC43BCF-62FF-4C11-AF12-A7A065D931F2}.Release|Any CPU.Build.0 = Release|Any CPU
		{8872F28E-6060-4881-8ACC-CDB78366AF27}.Debug|Any CPU.ActiveCfg = Debug|Any CPU
		{8872F28E-6060-4881-8ACC-CDB78366AF27}.Debug|Any CPU.Build.0 = Debug|Any CPU
		{8872F28E-6060-4881-8ACC-CDB78366AF27}.Release|Any CPU.ActiveCfg = Release|Any CPU
		{8872F28E-6060-4881-8ACC-CDB78366AF27}.Release|Any CPU.Build.0 = Release|Any CPU
		{10912F55-1E2C-4005-A7C6-6D7B3F29FFFC}.Debug|Any CPU.ActiveCfg = Debug|Any CPU
		{10912F55-1E2C-4005-A7C6-6D7B3F29FFFC}.Debug|Any CPU.Build.0 = Debug|Any CPU
		{10912F55-1E2C-4005-A7C6-6D7B3F29FFFC}.Release|Any CPU.ActiveCfg = Release|Any CPU
		{10912F55-1E2C-4005-A7C6-6D7B3F29FFFC}.Release|Any CPU.Build.0 = Release|Any CPU
	EndGlobalSection
	GlobalSection(SolutionProperties) = preSolution
		HideSolutionNode = FALSE
	EndGlobalSection
	GlobalSection(NestedProjects) = preSolution
		{725C9831-29F8-4992-BEFC-4A6ECA465D5D} = {8B413D78-1F30-4EFB-BF02-CFEFAF7F3B26}
		{D0E4C95B-1D5E-43FE-8E64-8D65AE2258C3} = {8B413D78-1F30-4EFB-BF02-CFEFAF7F3B26}
		{23765AC6-A36C-45C2-8CE4-876D95A494BF} = {8B413D78-1F30-4EFB-BF02-CFEFAF7F3B26}
		{A11A635B-8658-4E04-86D3-ECC637A90510} = {8B413D78-1F30-4EFB-BF02-CFEFAF7F3B26}
		{92EBC33D-6EB0-4CE5-A01D-E7F57E4B8672} = {8B413D78-1F30-4EFB-BF02-CFEFAF7F3B26}
		{E3E374DF-7213-420B-9553-87D48E506D61} = {8B413D78-1F30-4EFB-BF02-CFEFAF7F3B26}
		{9767480C-BF97-4761-9A19-D9225F98458F} = {8B413D78-1F30-4EFB-BF02-CFEFAF7F3B26}
		{780B4681-76A6-45E7-BCBC-499FC566144C} = {8B413D78-1F30-4EFB-BF02-CFEFAF7F3B26}
		{1A3BF233-8339-4BCF-9FD3-A7E4EA965B6E} = {8B413D78-1F30-4EFB-BF02-CFEFAF7F3B26}
		{25475065-841B-497A-89B6-17226D5561A8} = {8B413D78-1F30-4EFB-BF02-CFEFAF7F3B26}
		{1595513E-EA5A-467C-A81A-B5B76C5916FE} = {8B413D78-1F30-4EFB-BF02-CFEFAF7F3B26}
		{003D3232-E94B-4601-9847-43E6B3291A9E} = {987832F3-6017-4FB9-AF24-CD406BFC3F1B}
		{B5405FA6-4FD1-432D-B8E0-6295987ADA12} = {987832F3-6017-4FB9-AF24-CD406BFC3F1B}
		{0A3445A1-B41F-4219-A7E2-0D8C1EB9CD37} = {987832F3-6017-4FB9-AF24-CD406BFC3F1B}
		{493D96D1-31CB-47E9-8AD8-2ECE4B316A30} = {987832F3-6017-4FB9-AF24-CD406BFC3F1B}
		{802EA8BE-C6F1-45DB-B90E-E8918F533732} = {987832F3-6017-4FB9-AF24-CD406BFC3F1B}
		{4BADD3D9-AD55-4945-81A5-317B88419A8F} = {987832F3-6017-4FB9-AF24-CD406BFC3F1B}
		{F75E50D3-8F64-4832-851A-BAF1E6DFBDB6} = {987832F3-6017-4FB9-AF24-CD406BFC3F1B}
		{CEC43BCF-62FF-4C11-AF12-A7A065D931F2} = {987832F3-6017-4FB9-AF24-CD406BFC3F1B}
		{8872F28E-6060-4881-8ACC-CDB78366AF27} = {987832F3-6017-4FB9-AF24-CD406BFC3F1B}
		{10912F55-1E2C-4005-A7C6-6D7B3F29FFFC} = {987832F3-6017-4FB9-AF24-CD406BFC3F1B}
	EndGlobalSection
	GlobalSection(ExtensibilityGlobals) = postSolution
		SolutionGuid = {868DC248-6CA0-42E9-9A8A-8826AFDAA4B2}
	EndGlobalSection
EndGlobal
