
Microsoft Visual Studio Solution File, Format Version 12.00
# Visual Studio Version 17
VisualStudioVersion = 17.0.32112.339
MinimumVisualStudioVersion = 10.0.40219.1
Project("{9A19103F-16F7-4668-BE54-9A1E7A4F7556}") = "1. Day of Week", "1. Day of Week\1. Day of Week.csproj", "{EC6D84C8-D09D-4C2B-9C57-4F19F9E2EB6B}"
EndProject
Project("{2150E333-8FDC-42A3-9474-1A3956D46DE8}") = "Lab", "Lab", "{29A1AFE6-AE8D-4E34-A83B-A1E36EFC1F1F}"
EndProject
Project("{9A19103F-16F7-4668-BE54-9A1E7A4F7556}") = "2. Print Numbers in Reverse Order", "2. Print Numbers in Reverse Order\2. Print Numbers in Reverse Order.csproj", "{D4DA9250-214D-4F10-BE0F-DF73D31565F2}"
EndProject
Project("{9A19103F-16F7-4668-BE54-9A1E7A4F7556}") = "3. Rounding Numbers", "3. Rounding Numbers\3. Rounding Numbers.csproj", "{6D0BD631-A123-49A8-9BA6-780C547401A4}"
EndProject
Project("{9A19103F-16F7-4668-BE54-9A1E7A4F7556}") = "4. Reverse Array of Strings", "4. Reverse Array of Strings\4. Reverse Array of Strings.csproj", "{4CE48D8B-2657-4528-A275-F9ED6423A7BF}"
EndProject
Project("{9A19103F-16F7-4668-BE54-9A1E7A4F7556}") = "5. Sum Even Numbers", "5. Sum Even Numbers\5. Sum Even Numbers.csproj", "{57083B19-0DDE-49F7-BD5E-788E0D0809A2}"
EndProject
Project("{9A19103F-16F7-4668-BE54-9A1E7A4F7556}") = "6. Even and Odd Subtraction", "6. Even and Odd Subtraction\6. Even and Odd Subtraction.csproj", "{1AF8237A-0653-46C0-848B-392991BEE624}"
EndProject
Project("{9A19103F-16F7-4668-BE54-9A1E7A4F7556}") = "7. Equal Arrays", "7. Equal Arrays\7. Equal Arrays.csproj", "{FC04D7F4-32C6-4994-980C-B5DAE1EC2DC8}"
EndProject
Project("{9A19103F-16F7-4668-BE54-9A1E7A4F7556}") = "8. Condense Array to Number", "8. Condense Array to Number\8. Condense Array to Number.csproj", "{120DB85C-E808-48FE-8BEE-DC38F5914758}"
EndProject
Project("{2150E333-8FDC-42A3-9474-1A3956D46DE8}") = "exe", "exe", "{D63BD0D4-CAC4-4BA3-8ABD-31FE73985589}"
EndProject
Project("{9A19103F-16F7-4668-BE54-9A1E7A4F7556}") = "1. Train", "1. Train\1. Train.csproj", "{672647AC-77CD-401F-AAC1-6C0A01820425}"
EndProject
Project("{9A19103F-16F7-4668-BE54-9A1E7A4F7556}") = "2. Common Elements", "2. Common Elements\2. Common Elements.csproj", "{ECE0578E-9F1A-4F57-B39D-4F9CDF561476}"
EndProject
Project("{9A19103F-16F7-4668-BE54-9A1E7A4F7556}") = "3. Zig-Zag Arrays", "3. Zig-Zag Arrays\3. Zig-Zag Arrays.csproj", "{9334072A-243B-43EB-B3C5-643E489B4FA2}"
EndProject
Project("{9A19103F-16F7-4668-BE54-9A1E7A4F7556}") = "4. Array Rotation", "4. Array Rotation\4. Array Rotation.csproj", "{F3D4D8A2-9226-4800-B184-4DC8CF8E10AE}"
EndProject
Project("{9A19103F-16F7-4668-BE54-9A1E7A4F7556}") = "5. Top Integers", "5. Top Integers\5. Top Integers.csproj", "{F1B158AB-B67A-409E-A5F0-FCBB73E0C6C6}"
EndProject
Project("{FAE04EC0-301F-11D3-BF4B-00C04F79EFBC}") = "6. Equal Sums", "6. Equal Sums\6. Equal Sums.csproj", "{E5F72985-E296-472D-8477-43547A95128D}"
EndProject
Project("{FAE04EC0-301F-11D3-BF4B-00C04F79EFBC}") = "7. Max Sequence of Equal Elements", "7. Max Sequence of Equal Elements\7. Max Sequence of Equal Elements.csproj", "{7EE7D10E-7447-4579-80D2-0F6450A6B405}"
EndProject
Project("{FAE04EC0-301F-11D3-BF4B-00C04F79EFBC}") = "8. Magic Sum", "8. Magic Sum\8. Magic Sum.csproj", "{1CD8CBC1-276D-490A-8106-5E326976C413}"
EndProject
Project("{FAE04EC0-301F-11D3-BF4B-00C04F79EFBC}") = "9. Kamino Factory", "9. Kamino Factory\9. Kamino Factory.csproj", "{D315E433-7BF9-43B9-A5EF-CE9392179704}"
EndProject
Global
	GlobalSection(SolutionConfigurationPlatforms) = preSolution
		Debug|Any CPU = Debug|Any CPU
		Release|Any CPU = Release|Any CPU
	EndGlobalSection
	GlobalSection(ProjectConfigurationPlatforms) = postSolution
		{EC6D84C8-D09D-4C2B-9C57-4F19F9E2EB6B}.Debug|Any CPU.ActiveCfg = Debug|Any CPU
		{EC6D84C8-D09D-4C2B-9C57-4F19F9E2EB6B}.Debug|Any CPU.Build.0 = Debug|Any CPU
		{EC6D84C8-D09D-4C2B-9C57-4F19F9E2EB6B}.Release|Any CPU.ActiveCfg = Release|Any CPU
		{EC6D84C8-D09D-4C2B-9C57-4F19F9E2EB6B}.Release|Any CPU.Build.0 = Release|Any CPU
		{D4DA9250-214D-4F10-BE0F-DF73D31565F2}.Debug|Any CPU.ActiveCfg = Debug|Any CPU
		{D4DA9250-214D-4F10-BE0F-DF73D31565F2}.Debug|Any CPU.Build.0 = Debug|Any CPU
		{D4DA9250-214D-4F10-BE0F-DF73D31565F2}.Release|Any CPU.ActiveCfg = Release|Any CPU
		{D4DA9250-214D-4F10-BE0F-DF73D31565F2}.Release|Any CPU.Build.0 = Release|Any CPU
		{6D0BD631-A123-49A8-9BA6-780C547401A4}.Debug|Any CPU.ActiveCfg = Debug|Any CPU
		{6D0BD631-A123-49A8-9BA6-780C547401A4}.Debug|Any CPU.Build.0 = Debug|Any CPU
		{6D0BD631-A123-49A8-9BA6-780C547401A4}.Release|Any CPU.ActiveCfg = Release|Any CPU
		{6D0BD631-A123-49A8-9BA6-780C547401A4}.Release|Any CPU.Build.0 = Release|Any CPU
		{4CE48D8B-2657-4528-A275-F9ED6423A7BF}.Debug|Any CPU.ActiveCfg = Debug|Any CPU
		{4CE48D8B-2657-4528-A275-F9ED6423A7BF}.Debug|Any CPU.Build.0 = Debug|Any CPU
		{4CE48D8B-2657-4528-A275-F9ED6423A7BF}.Release|Any CPU.ActiveCfg = Release|Any CPU
		{4CE48D8B-2657-4528-A275-F9ED6423A7BF}.Release|Any CPU.Build.0 = Release|Any CPU
		{57083B19-0DDE-49F7-BD5E-788E0D0809A2}.Debug|Any CPU.ActiveCfg = Debug|Any CPU
		{57083B19-0DDE-49F7-BD5E-788E0D0809A2}.Debug|Any CPU.Build.0 = Debug|Any CPU
		{57083B19-0DDE-49F7-BD5E-788E0D0809A2}.Release|Any CPU.ActiveCfg = Release|Any CPU
		{57083B19-0DDE-49F7-BD5E-788E0D0809A2}.Release|Any CPU.Build.0 = Release|Any CPU
		{1AF8237A-0653-46C0-848B-392991BEE624}.Debug|Any CPU.ActiveCfg = Debug|Any CPU
		{1AF8237A-0653-46C0-848B-392991BEE624}.Debug|Any CPU.Build.0 = Debug|Any CPU
		{1AF8237A-0653-46C0-848B-392991BEE624}.Release|Any CPU.ActiveCfg = Release|Any CPU
		{1AF8237A-0653-46C0-848B-392991BEE624}.Release|Any CPU.Build.0 = Release|Any CPU
		{FC04D7F4-32C6-4994-980C-B5DAE1EC2DC8}.Debug|Any CPU.ActiveCfg = Debug|Any CPU
		{FC04D7F4-32C6-4994-980C-B5DAE1EC2DC8}.Debug|Any CPU.Build.0 = Debug|Any CPU
		{FC04D7F4-32C6-4994-980C-B5DAE1EC2DC8}.Release|Any CPU.ActiveCfg = Release|Any CPU
		{FC04D7F4-32C6-4994-980C-B5DAE1EC2DC8}.Release|Any CPU.Build.0 = Release|Any CPU
		{120DB85C-E808-48FE-8BEE-DC38F5914758}.Debug|Any CPU.ActiveCfg = Debug|Any CPU
		{120DB85C-E808-48FE-8BEE-DC38F5914758}.Debug|Any CPU.Build.0 = Debug|Any CPU
		{120DB85C-E808-48FE-8BEE-DC38F5914758}.Release|Any CPU.ActiveCfg = Release|Any CPU
		{120DB85C-E808-48FE-8BEE-DC38F5914758}.Release|Any CPU.Build.0 = Release|Any CPU
		{672647AC-77CD-401F-AAC1-6C0A01820425}.Debug|Any CPU.ActiveCfg = Debug|Any CPU
		{672647AC-77CD-401F-AAC1-6C0A01820425}.Debug|Any CPU.Build.0 = Debug|Any CPU
		{672647AC-77CD-401F-AAC1-6C0A01820425}.Release|Any CPU.ActiveCfg = Release|Any CPU
		{672647AC-77CD-401F-AAC1-6C0A01820425}.Release|Any CPU.Build.0 = Release|Any CPU
		{ECE0578E-9F1A-4F57-B39D-4F9CDF561476}.Debug|Any CPU.ActiveCfg = Debug|Any CPU
		{ECE0578E-9F1A-4F57-B39D-4F9CDF561476}.Debug|Any CPU.Build.0 = Debug|Any CPU
		{ECE0578E-9F1A-4F57-B39D-4F9CDF561476}.Release|Any CPU.ActiveCfg = Release|Any CPU
		{ECE0578E-9F1A-4F57-B39D-4F9CDF561476}.Release|Any CPU.Build.0 = Release|Any CPU
		{9334072A-243B-43EB-B3C5-643E489B4FA2}.Debug|Any CPU.ActiveCfg = Debug|Any CPU
		{9334072A-243B-43EB-B3C5-643E489B4FA2}.Debug|Any CPU.Build.0 = Debug|Any CPU
		{9334072A-243B-43EB-B3C5-643E489B4FA2}.Release|Any CPU.ActiveCfg = Release|Any CPU
		{9334072A-243B-43EB-B3C5-643E489B4FA2}.Release|Any CPU.Build.0 = Release|Any CPU
		{F3D4D8A2-9226-4800-B184-4DC8CF8E10AE}.Debug|Any CPU.ActiveCfg = Debug|Any CPU
		{F3D4D8A2-9226-4800-B184-4DC8CF8E10AE}.Debug|Any CPU.Build.0 = Debug|Any CPU
		{F3D4D8A2-9226-4800-B184-4DC8CF8E10AE}.Release|Any CPU.ActiveCfg = Release|Any CPU
		{F3D4D8A2-9226-4800-B184-4DC8CF8E10AE}.Release|Any CPU.Build.0 = Release|Any CPU
		{F1B158AB-B67A-409E-A5F0-FCBB73E0C6C6}.Debug|Any CPU.ActiveCfg = Debug|Any CPU
		{F1B158AB-B67A-409E-A5F0-FCBB73E0C6C6}.Debug|Any CPU.Build.0 = Debug|Any CPU
		{F1B158AB-B67A-409E-A5F0-FCBB73E0C6C6}.Release|Any CPU.ActiveCfg = Release|Any CPU
		{F1B158AB-B67A-409E-A5F0-FCBB73E0C6C6}.Release|Any CPU.Build.0 = Release|Any CPU
		{E5F72985-E296-472D-8477-43547A95128D}.Debug|Any CPU.ActiveCfg = Debug|Any CPU
		{E5F72985-E296-472D-8477-43547A95128D}.Debug|Any CPU.Build.0 = Debug|Any CPU
		{E5F72985-E296-472D-8477-43547A95128D}.Release|Any CPU.ActiveCfg = Release|Any CPU
		{E5F72985-E296-472D-8477-43547A95128D}.Release|Any CPU.Build.0 = Release|Any CPU
		{7EE7D10E-7447-4579-80D2-0F6450A6B405}.Debug|Any CPU.ActiveCfg = Debug|Any CPU
		{7EE7D10E-7447-4579-80D2-0F6450A6B405}.Debug|Any CPU.Build.0 = Debug|Any CPU
		{7EE7D10E-7447-4579-80D2-0F6450A6B405}.Release|Any CPU.ActiveCfg = Release|Any CPU
		{7EE7D10E-7447-4579-80D2-0F6450A6B405}.Release|Any CPU.Build.0 = Release|Any CPU
		{1CD8CBC1-276D-490A-8106-5E326976C413}.Debug|Any CPU.ActiveCfg = Debug|Any CPU
		{1CD8CBC1-276D-490A-8106-5E326976C413}.Debug|Any CPU.Build.0 = Debug|Any CPU
		{1CD8CBC1-276D-490A-8106-5E326976C413}.Release|Any CPU.ActiveCfg = Release|Any CPU
		{1CD8CBC1-276D-490A-8106-5E326976C413}.Release|Any CPU.Build.0 = Release|Any CPU
		{D315E433-7BF9-43B9-A5EF-CE9392179704}.Debug|Any CPU.ActiveCfg = Debug|Any CPU
		{D315E433-7BF9-43B9-A5EF-CE9392179704}.Debug|Any CPU.Build.0 = Debug|Any CPU
		{D315E433-7BF9-43B9-A5EF-CE9392179704}.Release|Any CPU.ActiveCfg = Release|Any CPU
		{D315E433-7BF9-43B9-A5EF-CE9392179704}.Release|Any CPU.Build.0 = Release|Any CPU
	EndGlobalSection
	GlobalSection(SolutionProperties) = preSolution
		HideSolutionNode = FALSE
	EndGlobalSection
	GlobalSection(NestedProjects) = preSolution
		{EC6D84C8-D09D-4C2B-9C57-4F19F9E2EB6B} = {29A1AFE6-AE8D-4E34-A83B-A1E36EFC1F1F}
		{D4DA9250-214D-4F10-BE0F-DF73D31565F2} = {29A1AFE6-AE8D-4E34-A83B-A1E36EFC1F1F}
		{6D0BD631-A123-49A8-9BA6-780C547401A4} = {29A1AFE6-AE8D-4E34-A83B-A1E36EFC1F1F}
		{4CE48D8B-2657-4528-A275-F9ED6423A7BF} = {29A1AFE6-AE8D-4E34-A83B-A1E36EFC1F1F}
		{57083B19-0DDE-49F7-BD5E-788E0D0809A2} = {29A1AFE6-AE8D-4E34-A83B-A1E36EFC1F1F}
		{1AF8237A-0653-46C0-848B-392991BEE624} = {29A1AFE6-AE8D-4E34-A83B-A1E36EFC1F1F}
		{FC04D7F4-32C6-4994-980C-B5DAE1EC2DC8} = {29A1AFE6-AE8D-4E34-A83B-A1E36EFC1F1F}
		{120DB85C-E808-48FE-8BEE-DC38F5914758} = {29A1AFE6-AE8D-4E34-A83B-A1E36EFC1F1F}
		{672647AC-77CD-401F-AAC1-6C0A01820425} = {D63BD0D4-CAC4-4BA3-8ABD-31FE73985589}
		{ECE0578E-9F1A-4F57-B39D-4F9CDF561476} = {D63BD0D4-CAC4-4BA3-8ABD-31FE73985589}
		{9334072A-243B-43EB-B3C5-643E489B4FA2} = {D63BD0D4-CAC4-4BA3-8ABD-31FE73985589}
		{F3D4D8A2-9226-4800-B184-4DC8CF8E10AE} = {D63BD0D4-CAC4-4BA3-8ABD-31FE73985589}
		{F1B158AB-B67A-409E-A5F0-FCBB73E0C6C6} = {D63BD0D4-CAC4-4BA3-8ABD-31FE73985589}
		{E5F72985-E296-472D-8477-43547A95128D} = {D63BD0D4-CAC4-4BA3-8ABD-31FE73985589}
		{7EE7D10E-7447-4579-80D2-0F6450A6B405} = {D63BD0D4-CAC4-4BA3-8ABD-31FE73985589}
		{1CD8CBC1-276D-490A-8106-5E326976C413} = {D63BD0D4-CAC4-4BA3-8ABD-31FE73985589}
		{D315E433-7BF9-43B9-A5EF-CE9392179704} = {D63BD0D4-CAC4-4BA3-8ABD-31FE73985589}
	EndGlobalSection
	GlobalSection(ExtensibilityGlobals) = postSolution
		SolutionGuid = {08F68BD7-A700-4955-A422-F89344DB0B5E}
	EndGlobalSection
EndGlobal
