
Microsoft Visual Studio Solution File, Format Version 12.00
# Visual Studio Version 17
VisualStudioVersion = 17.0.32112.339
MinimumVisualStudioVersion = 10.0.40219.1
Project("{9A19103F-16F7-4668-BE54-9A1E7A4F7556}") = "1. Sum Adjacent Equal Numbers", "1. Sum Adjacent Equal Numbers\1. Sum Adjacent Equal Numbers.csproj", "{0B1C4454-21B9-47AA-8DE9-ADF37EB5E806}"
EndProject
Project("{2150E333-8FDC-42A3-9474-1A3956D46DE8}") = "Lab", "Lab", "{028B4FE5-64D1-4E36-BBC9-217B2A15176D}"
EndProject
Project("{9A19103F-16F7-4668-BE54-9A1E7A4F7556}") = "2. Gauss' Trick", "2. Gauss' Trick\2. Gauss' Trick.csproj", "{39C2E247-EEE8-432C-8720-EBC76A7B0069}"
EndProject
Project("{9A19103F-16F7-4668-BE54-9A1E7A4F7556}") = "3. Merging Lists", "3. Merging Lists\3. Merging Lists.csproj", "{427EC557-7C46-4D6D-93D4-E3183E0645D4}"
EndProject
Project("{9A19103F-16F7-4668-BE54-9A1E7A4F7556}") = "4. List of Products", "4. List of Products\4. List of Products.csproj", "{634A01B8-FF2A-4F1F-BCAD-5395F5B987C6}"
EndProject
Project("{9A19103F-16F7-4668-BE54-9A1E7A4F7556}") = "5. Remove Negatives and Reverse", "5. Remove Negatives and Reverse\5. Remove Negatives and Reverse.csproj", "{7473F336-DDA5-4BA6-99EA-8C8829D73E0D}"
EndProject
Project("{9A19103F-16F7-4668-BE54-9A1E7A4F7556}") = "6. List Manipulation Basics", "6. List Manipulation Basics\6. List Manipulation Basics.csproj", "{F4717449-10DB-48B0-B589-DF3B82F8A190}"
EndProject
Project("{9A19103F-16F7-4668-BE54-9A1E7A4F7556}") = "7. List Manipulation Advanced", "7. List Manipulation Advanced\7. List Manipulation Advanced.csproj", "{D2E2E1A5-542B-4341-A58D-78BCAE049C16}"
EndProject
Project("{9A19103F-16F7-4668-BE54-9A1E7A4F7556}") = "1. Train", "1. Train\1. Train.csproj", "{9F3E9A16-D68B-4219-B60B-FBD1BDE2623D}"
EndProject
Project("{2150E333-8FDC-42A3-9474-1A3956D46DE8}") = "Exe", "Exe", "{0AFFB7DC-6549-425B-8725-4796572E1587}"
EndProject
Project("{9A19103F-16F7-4668-BE54-9A1E7A4F7556}") = "2. Change List", "2. Change List\2. Change List.csproj", "{0A049052-4DB4-40C5-BD3E-8174C133F69B}"
EndProject
Project("{9A19103F-16F7-4668-BE54-9A1E7A4F7556}") = "3. House Party", "3. House Party\3. House Party.csproj", "{8E55D4A8-20D6-46FD-B762-7B87BCC91AEE}"
EndProject
Project("{9A19103F-16F7-4668-BE54-9A1E7A4F7556}") = "4. List Operations", "4. List Operations\4. List Operations.csproj", "{83CB95A9-8672-47B6-B944-40CB0AF4676C}"
EndProject
Project("{FAE04EC0-301F-11D3-BF4B-00C04F79EFBC}") = "5. Bomb Numbers", "5. Bomb Numbers\5. Bomb Numbers.csproj", "{A9483482-442F-40FE-82D9-C25B2B80440D}"
EndProject
Global
	GlobalSection(SolutionConfigurationPlatforms) = preSolution
		Debug|Any CPU = Debug|Any CPU
		Release|Any CPU = Release|Any CPU
	EndGlobalSection
	GlobalSection(ProjectConfigurationPlatforms) = postSolution
		{0B1C4454-21B9-47AA-8DE9-ADF37EB5E806}.Debug|Any CPU.ActiveCfg = Debug|Any CPU
		{0B1C4454-21B9-47AA-8DE9-ADF37EB5E806}.Debug|Any CPU.Build.0 = Debug|Any CPU
		{0B1C4454-21B9-47AA-8DE9-ADF37EB5E806}.Release|Any CPU.ActiveCfg = Release|Any CPU
		{0B1C4454-21B9-47AA-8DE9-ADF37EB5E806}.Release|Any CPU.Build.0 = Release|Any CPU
		{39C2E247-EEE8-432C-8720-EBC76A7B0069}.Debug|Any CPU.ActiveCfg = Debug|Any CPU
		{39C2E247-EEE8-432C-8720-EBC76A7B0069}.Debug|Any CPU.Build.0 = Debug|Any CPU
		{39C2E247-EEE8-432C-8720-EBC76A7B0069}.Release|Any CPU.ActiveCfg = Release|Any CPU
		{39C2E247-EEE8-432C-8720-EBC76A7B0069}.Release|Any CPU.Build.0 = Release|Any CPU
		{427EC557-7C46-4D6D-93D4-E3183E0645D4}.Debug|Any CPU.ActiveCfg = Debug|Any CPU
		{427EC557-7C46-4D6D-93D4-E3183E0645D4}.Debug|Any CPU.Build.0 = Debug|Any CPU
		{427EC557-7C46-4D6D-93D4-E3183E0645D4}.Release|Any CPU.ActiveCfg = Release|Any CPU
		{427EC557-7C46-4D6D-93D4-E3183E0645D4}.Release|Any CPU.Build.0 = Release|Any CPU
		{634A01B8-FF2A-4F1F-BCAD-5395F5B987C6}.Debug|Any CPU.ActiveCfg = Debug|Any CPU
		{634A01B8-FF2A-4F1F-BCAD-5395F5B987C6}.Debug|Any CPU.Build.0 = Debug|Any CPU
		{634A01B8-FF2A-4F1F-BCAD-5395F5B987C6}.Release|Any CPU.ActiveCfg = Release|Any CPU
		{634A01B8-FF2A-4F1F-BCAD-5395F5B987C6}.Release|Any CPU.Build.0 = Release|Any CPU
		{7473F336-DDA5-4BA6-99EA-8C8829D73E0D}.Debug|Any CPU.ActiveCfg = Debug|Any CPU
		{7473F336-DDA5-4BA6-99EA-8C8829D73E0D}.Debug|Any CPU.Build.0 = Debug|Any CPU
		{7473F336-DDA5-4BA6-99EA-8C8829D73E0D}.Release|Any CPU.ActiveCfg = Release|Any CPU
		{7473F336-DDA5-4BA6-99EA-8C8829D73E0D}.Release|Any CPU.Build.0 = Release|Any CPU
		{F4717449-10DB-48B0-B589-DF3B82F8A190}.Debug|Any CPU.ActiveCfg = Debug|Any CPU
		{F4717449-10DB-48B0-B589-DF3B82F8A190}.Debug|Any CPU.Build.0 = Debug|Any CPU
		{F4717449-10DB-48B0-B589-DF3B82F8A190}.Release|Any CPU.ActiveCfg = Release|Any CPU
		{F4717449-10DB-48B0-B589-DF3B82F8A190}.Release|Any CPU.Build.0 = Release|Any CPU
		{D2E2E1A5-542B-4341-A58D-78BCAE049C16}.Debug|Any CPU.ActiveCfg = Debug|Any CPU
		{D2E2E1A5-542B-4341-A58D-78BCAE049C16}.Debug|Any CPU.Build.0 = Debug|Any CPU
		{D2E2E1A5-542B-4341-A58D-78BCAE049C16}.Release|Any CPU.ActiveCfg = Release|Any CPU
		{D2E2E1A5-542B-4341-A58D-78BCAE049C16}.Release|Any CPU.Build.0 = Release|Any CPU
		{9F3E9A16-D68B-4219-B60B-FBD1BDE2623D}.Debug|Any CPU.ActiveCfg = Debug|Any CPU
		{9F3E9A16-D68B-4219-B60B-FBD1BDE2623D}.Debug|Any CPU.Build.0 = Debug|Any CPU
		{9F3E9A16-D68B-4219-B60B-FBD1BDE2623D}.Release|Any CPU.ActiveCfg = Release|Any CPU
		{9F3E9A16-D68B-4219-B60B-FBD1BDE2623D}.Release|Any CPU.Build.0 = Release|Any CPU
		{0A049052-4DB4-40C5-BD3E-8174C133F69B}.Debug|Any CPU.ActiveCfg = Debug|Any CPU
		{0A049052-4DB4-40C5-BD3E-8174C133F69B}.Debug|Any CPU.Build.0 = Debug|Any CPU
		{0A049052-4DB4-40C5-BD3E-8174C133F69B}.Release|Any CPU.ActiveCfg = Release|Any CPU
		{0A049052-4DB4-40C5-BD3E-8174C133F69B}.Release|Any CPU.Build.0 = Release|Any CPU
		{8E55D4A8-20D6-46FD-B762-7B87BCC91AEE}.Debug|Any CPU.ActiveCfg = Debug|Any CPU
		{8E55D4A8-20D6-46FD-B762-7B87BCC91AEE}.Debug|Any CPU.Build.0 = Debug|Any CPU
		{8E55D4A8-20D6-46FD-B762-7B87BCC91AEE}.Release|Any CPU.ActiveCfg = Release|Any CPU
		{8E55D4A8-20D6-46FD-B762-7B87BCC91AEE}.Release|Any CPU.Build.0 = Release|Any CPU
		{83CB95A9-8672-47B6-B944-40CB0AF4676C}.Debug|Any CPU.ActiveCfg = Debug|Any CPU
		{83CB95A9-8672-47B6-B944-40CB0AF4676C}.Debug|Any CPU.Build.0 = Debug|Any CPU
		{83CB95A9-8672-47B6-B944-40CB0AF4676C}.Release|Any CPU.ActiveCfg = Release|Any CPU
		{83CB95A9-8672-47B6-B944-40CB0AF4676C}.Release|Any CPU.Build.0 = Release|Any CPU
		{A9483482-442F-40FE-82D9-C25B2B80440D}.Debug|Any CPU.ActiveCfg = Debug|Any CPU
		{A9483482-442F-40FE-82D9-C25B2B80440D}.Debug|Any CPU.Build.0 = Debug|Any CPU
		{A9483482-442F-40FE-82D9-C25B2B80440D}.Release|Any CPU.ActiveCfg = Release|Any CPU
		{A9483482-442F-40FE-82D9-C25B2B80440D}.Release|Any CPU.Build.0 = Release|Any CPU
	EndGlobalSection
	GlobalSection(SolutionProperties) = preSolution
		HideSolutionNode = FALSE
	EndGlobalSection
	GlobalSection(NestedProjects) = preSolution
		{0B1C4454-21B9-47AA-8DE9-ADF37EB5E806} = {028B4FE5-64D1-4E36-BBC9-217B2A15176D}
		{39C2E247-EEE8-432C-8720-EBC76A7B0069} = {028B4FE5-64D1-4E36-BBC9-217B2A15176D}
		{427EC557-7C46-4D6D-93D4-E3183E0645D4} = {028B4FE5-64D1-4E36-BBC9-217B2A15176D}
		{634A01B8-FF2A-4F1F-BCAD-5395F5B987C6} = {028B4FE5-64D1-4E36-BBC9-217B2A15176D}
		{7473F336-DDA5-4BA6-99EA-8C8829D73E0D} = {028B4FE5-64D1-4E36-BBC9-217B2A15176D}
		{F4717449-10DB-48B0-B589-DF3B82F8A190} = {028B4FE5-64D1-4E36-BBC9-217B2A15176D}
		{D2E2E1A5-542B-4341-A58D-78BCAE049C16} = {028B4FE5-64D1-4E36-BBC9-217B2A15176D}
		{9F3E9A16-D68B-4219-B60B-FBD1BDE2623D} = {0AFFB7DC-6549-425B-8725-4796572E1587}
		{0A049052-4DB4-40C5-BD3E-8174C133F69B} = {0AFFB7DC-6549-425B-8725-4796572E1587}
		{8E55D4A8-20D6-46FD-B762-7B87BCC91AEE} = {0AFFB7DC-6549-425B-8725-4796572E1587}
		{83CB95A9-8672-47B6-B944-40CB0AF4676C} = {0AFFB7DC-6549-425B-8725-4796572E1587}
		{A9483482-442F-40FE-82D9-C25B2B80440D} = {0AFFB7DC-6549-425B-8725-4796572E1587}
	EndGlobalSection
	GlobalSection(ExtensibilityGlobals) = postSolution
		SolutionGuid = {5CCEE7B1-D86F-4654-8111-36ABB23601AA}
	EndGlobalSection
EndGlobal
