
Microsoft Visual Studio Solution File, Format Version 12.00
# Visual Studio Version 17
VisualStudioVersion = 17.0.32112.339
MinimumVisualStudioVersion = 10.0.40219.1
Project("{9A19103F-16F7-4668-BE54-9A1E7A4F7556}") = "1StudentInformation", "1StudentInformation\1StudentInformation.csproj", "{63BA6DCD-E73F-45A1-B6C1-E3A13F8F341A}"
EndProject
Project("{9A19103F-16F7-4668-BE54-9A1E7A4F7556}") = "2.Passed", "2.Passed\2.Passed.csproj", "{81E8C45A-5BB7-43B4-93A9-F5C45329E96C}"
EndProject
Project("{9A19103F-16F7-4668-BE54-9A1E7A4F7556}") = "3.PassedorFailed", "3.PassedorFailed\3.PassedorFailed.csproj", "{790D0EC9-C81E-418C-8542-C64B8772D8A4}"
EndProject
Project("{9A19103F-16F7-4668-BE54-9A1E7A4F7556}") = "4. Back in 30 Minutes", "4. Back in 30 Minutes\4. Back in 30 Minutes.csproj", "{CE0FFB45-4D53-41F1-B9CC-8A451E43F44E}"
EndProject
Project("{9A19103F-16F7-4668-BE54-9A1E7A4F7556}") = "5. Month Printer", "5. Month Printer\5. Month Printer.csproj", "{D9C5B6AD-7A81-404D-B627-9E8EF250887D}"
EndProject
Project("{9A19103F-16F7-4668-BE54-9A1E7A4F7556}") = "6. Foreign Languages", "6. Foreign Languages\6. Foreign Languages.csproj", "{662F711D-6E26-4017-B1FC-7F02E8081B38}"
EndProject
Project("{9A19103F-16F7-4668-BE54-9A1E7A4F7556}") = "7. Theatre Promotions", "7. Theatre Promotions\7. Theatre Promotions.csproj", "{9DC143F9-6E1A-490B-A177-69E86C622200}"
EndProject
Project("{9A19103F-16F7-4668-BE54-9A1E7A4F7556}") = "8. Divisible by 3", "8. Divisible by 3\8. Divisible by 3.csproj", "{0DCAF505-2593-4713-B2FE-4630574F46B0}"
EndProject
Project("{9A19103F-16F7-4668-BE54-9A1E7A4F7556}") = "9. Sum of Odd Numbers", "9. Sum of Odd Numbers\9. Sum of Odd Numbers.csproj", "{E11670DC-5999-4673-A59E-90941191689A}"
EndProject
Project("{9A19103F-16F7-4668-BE54-9A1E7A4F7556}") = "10.Multiplication Table", "10.Multiplication Table\10.Multiplication Table.csproj", "{67B36FDA-B199-47E4-AE5F-96F23EB3E49A}"
EndProject
Project("{9A19103F-16F7-4668-BE54-9A1E7A4F7556}") = "11. Multiplication Table 2.0", "11. Multiplication Table 2.0\11. Multiplication Table 2.0.csproj", "{B51ABC9F-F648-4A71-8638-95D936D986A9}"
EndProject
Project("{9A19103F-16F7-4668-BE54-9A1E7A4F7556}") = "12. Even Number", "12. Even Number\12. Even Number.csproj", "{0BE3686D-93F4-48E9-9EEF-B76C39ED3F19}"
EndProject
Project("{9A19103F-16F7-4668-BE54-9A1E7A4F7556}") = "13. Debug the Code Holidays Between Two Dates", "13. Debug the Code Holidays Between Two Dates\13. Debug the Code Holidays Between Two Dates.csproj", "{A9439D8F-E59A-4794-9001-AE3A6B0D8950}"
EndProject
Project("{2150E333-8FDC-42A3-9474-1A3956D46DE8}") = "Lab", "Lab", "{DF5BF363-995B-4253-8A9F-0256B99ECA69}"
EndProject
Project("{2150E333-8FDC-42A3-9474-1A3956D46DE8}") = "Exc", "Exc", "{0BAB9C9B-93F2-4FB8-96F0-DCFB6779DE35}"
EndProject
Project("{2150E333-8FDC-42A3-9474-1A3956D46DE8}") = "More Exc", "More Exc", "{4C9506E4-505A-4231-B832-CB2B0CD75745}"
EndProject
Project("{9A19103F-16F7-4668-BE54-9A1E7A4F7556}") = "1. Ages", "1. Ages\1. Ages.csproj", "{79D4678C-D58A-4573-9455-344734C85781}"
EndProject
Project("{9A19103F-16F7-4668-BE54-9A1E7A4F7556}") = "2. Divison", "2. Divison\2. Divison.csproj", "{A3A24C0C-393D-41C6-8FCC-B677B2AAE7B3}"
EndProject
Project("{9A19103F-16F7-4668-BE54-9A1E7A4F7556}") = "3. Vacation", "3. Vacation\3. Vacation.csproj", "{0F52EC94-5590-4717-B9A3-C380A22FBC28}"
EndProject
Project("{9A19103F-16F7-4668-BE54-9A1E7A4F7556}") = "4. Print and Sum", "4. Print and Sum\4. Print and Sum.csproj", "{5557BA45-1D4E-448F-8DA6-EB302E742C1F}"
EndProject
Project("{9A19103F-16F7-4668-BE54-9A1E7A4F7556}") = "5. Login", "5. Login\5. Login.csproj", "{AAF5B729-99EB-492C-A4E2-6E5EB5669B48}"
EndProject
Project("{9A19103F-16F7-4668-BE54-9A1E7A4F7556}") = "6. Strong Number", "6. Strong Number\6. Strong Number.csproj", "{8716A44E-0042-4399-ACD1-4103AD723D84}"
EndProject
Project("{9A19103F-16F7-4668-BE54-9A1E7A4F7556}") = "7. Vending Machine", "7. Vending Machine\7. Vending Machine.csproj", "{F733CB9A-619B-4171-BF11-7C6C49CDB53D}"
EndProject
Project("{9A19103F-16F7-4668-BE54-9A1E7A4F7556}") = "8. Triangle of Numbers", "8. Triangle of Numbers\8. Triangle of Numbers.csproj", "{17B0CDAC-6916-4E38-867D-58CA7539E838}"
EndProject
Project("{9A19103F-16F7-4668-BE54-9A1E7A4F7556}") = "9. Padawan Equipment", "9. Padawan Equipment\9. Padawan Equipment.csproj", "{FABC5E61-7F18-4421-AC47-74C43C618EDB}"
EndProject
Project("{9A19103F-16F7-4668-BE54-9A1E7A4F7556}") = "10. Rage Expenses", "10. Rage Expenses\10. Rage Expenses.csproj", "{E86F9F6A-A6D9-42DD-BC14-A4A2166D220F}"
EndProject
Project("{9A19103F-16F7-4668-BE54-9A1E7A4F7556}") = "11. Orders", "11. Orders\11. Orders.csproj", "{28B608B5-F4F9-47A2-88B9-60951B743A51}"
EndProject
Project("{9A19103F-16F7-4668-BE54-9A1E7A4F7556}") = "1. Sort Numbers", "1. Sort Numbers\1. Sort Numbers.csproj", "{15D22B4E-28DC-425C-9EE6-1DB90A24A9A6}"
EndProject
Project("{9A19103F-16F7-4668-BE54-9A1E7A4F7556}") = "2. English Name of the Last Digit", "2. English Name of the Last Digit\2. English Name of the Last Digit.csproj", "{7494EC52-9722-41BE-A32A-35A7314853D6}"
EndProject
Project("{FAE04EC0-301F-11D3-BF4B-00C04F79EFBC}") = "4. Reverse String", "4. Reverse String\4. Reverse String.csproj", "{A23E2B8D-290A-4C8B-AB27-F20594501163}"
EndProject
Global
	GlobalSection(SolutionConfigurationPlatforms) = preSolution
		Debug|Any CPU = Debug|Any CPU
		Release|Any CPU = Release|Any CPU
	EndGlobalSection
	GlobalSection(ProjectConfigurationPlatforms) = postSolution
		{63BA6DCD-E73F-45A1-B6C1-E3A13F8F341A}.Debug|Any CPU.ActiveCfg = Debug|Any CPU
		{63BA6DCD-E73F-45A1-B6C1-E3A13F8F341A}.Debug|Any CPU.Build.0 = Debug|Any CPU
		{63BA6DCD-E73F-45A1-B6C1-E3A13F8F341A}.Release|Any CPU.ActiveCfg = Release|Any CPU
		{63BA6DCD-E73F-45A1-B6C1-E3A13F8F341A}.Release|Any CPU.Build.0 = Release|Any CPU
		{81E8C45A-5BB7-43B4-93A9-F5C45329E96C}.Debug|Any CPU.ActiveCfg = Debug|Any CPU
		{81E8C45A-5BB7-43B4-93A9-F5C45329E96C}.Debug|Any CPU.Build.0 = Debug|Any CPU
		{81E8C45A-5BB7-43B4-93A9-F5C45329E96C}.Release|Any CPU.ActiveCfg = Release|Any CPU
		{81E8C45A-5BB7-43B4-93A9-F5C45329E96C}.Release|Any CPU.Build.0 = Release|Any CPU
		{790D0EC9-C81E-418C-8542-C64B8772D8A4}.Debug|Any CPU.ActiveCfg = Debug|Any CPU
		{790D0EC9-C81E-418C-8542-C64B8772D8A4}.Debug|Any CPU.Build.0 = Debug|Any CPU
		{790D0EC9-C81E-418C-8542-C64B8772D8A4}.Release|Any CPU.ActiveCfg = Release|Any CPU
		{790D0EC9-C81E-418C-8542-C64B8772D8A4}.Release|Any CPU.Build.0 = Release|Any CPU
		{CE0FFB45-4D53-41F1-B9CC-8A451E43F44E}.Debug|Any CPU.ActiveCfg = Debug|Any CPU
		{CE0FFB45-4D53-41F1-B9CC-8A451E43F44E}.Debug|Any CPU.Build.0 = Debug|Any CPU
		{CE0FFB45-4D53-41F1-B9CC-8A451E43F44E}.Release|Any CPU.ActiveCfg = Release|Any CPU
		{CE0FFB45-4D53-41F1-B9CC-8A451E43F44E}.Release|Any CPU.Build.0 = Release|Any CPU
		{D9C5B6AD-7A81-404D-B627-9E8EF250887D}.Debug|Any CPU.ActiveCfg = Debug|Any CPU
		{D9C5B6AD-7A81-404D-B627-9E8EF250887D}.Debug|Any CPU.Build.0 = Debug|Any CPU
		{D9C5B6AD-7A81-404D-B627-9E8EF250887D}.Release|Any CPU.ActiveCfg = Release|Any CPU
		{D9C5B6AD-7A81-404D-B627-9E8EF250887D}.Release|Any CPU.Build.0 = Release|Any CPU
		{662F711D-6E26-4017-B1FC-7F02E8081B38}.Debug|Any CPU.ActiveCfg = Debug|Any CPU
		{662F711D-6E26-4017-B1FC-7F02E8081B38}.Debug|Any CPU.Build.0 = Debug|Any CPU
		{662F711D-6E26-4017-B1FC-7F02E8081B38}.Release|Any CPU.ActiveCfg = Release|Any CPU
		{662F711D-6E26-4017-B1FC-7F02E8081B38}.Release|Any CPU.Build.0 = Release|Any CPU
		{9DC143F9-6E1A-490B-A177-69E86C622200}.Debug|Any CPU.ActiveCfg = Debug|Any CPU
		{9DC143F9-6E1A-490B-A177-69E86C622200}.Debug|Any CPU.Build.0 = Debug|Any CPU
		{9DC143F9-6E1A-490B-A177-69E86C622200}.Release|Any CPU.ActiveCfg = Release|Any CPU
		{9DC143F9-6E1A-490B-A177-69E86C622200}.Release|Any CPU.Build.0 = Release|Any CPU
		{0DCAF505-2593-4713-B2FE-4630574F46B0}.Debug|Any CPU.ActiveCfg = Debug|Any CPU
		{0DCAF505-2593-4713-B2FE-4630574F46B0}.Debug|Any CPU.Build.0 = Debug|Any CPU
		{0DCAF505-2593-4713-B2FE-4630574F46B0}.Release|Any CPU.ActiveCfg = Release|Any CPU
		{0DCAF505-2593-4713-B2FE-4630574F46B0}.Release|Any CPU.Build.0 = Release|Any CPU
		{E11670DC-5999-4673-A59E-90941191689A}.Debug|Any CPU.ActiveCfg = Debug|Any CPU
		{E11670DC-5999-4673-A59E-90941191689A}.Debug|Any CPU.Build.0 = Debug|Any CPU
		{E11670DC-5999-4673-A59E-90941191689A}.Release|Any CPU.ActiveCfg = Release|Any CPU
		{E11670DC-5999-4673-A59E-90941191689A}.Release|Any CPU.Build.0 = Release|Any CPU
		{67B36FDA-B199-47E4-AE5F-96F23EB3E49A}.Debug|Any CPU.ActiveCfg = Debug|Any CPU
		{67B36FDA-B199-47E4-AE5F-96F23EB3E49A}.Debug|Any CPU.Build.0 = Debug|Any CPU
		{67B36FDA-B199-47E4-AE5F-96F23EB3E49A}.Release|Any CPU.ActiveCfg = Release|Any CPU
		{67B36FDA-B199-47E4-AE5F-96F23EB3E49A}.Release|Any CPU.Build.0 = Release|Any CPU
		{B51ABC9F-F648-4A71-8638-95D936D986A9}.Debug|Any CPU.ActiveCfg = Debug|Any CPU
		{B51ABC9F-F648-4A71-8638-95D936D986A9}.Debug|Any CPU.Build.0 = Debug|Any CPU
		{B51ABC9F-F648-4A71-8638-95D936D986A9}.Release|Any CPU.ActiveCfg = Release|Any CPU
		{B51ABC9F-F648-4A71-8638-95D936D986A9}.Release|Any CPU.Build.0 = Release|Any CPU
		{0BE3686D-93F4-48E9-9EEF-B76C39ED3F19}.Debug|Any CPU.ActiveCfg = Debug|Any CPU
		{0BE3686D-93F4-48E9-9EEF-B76C39ED3F19}.Debug|Any CPU.Build.0 = Debug|Any CPU
		{0BE3686D-93F4-48E9-9EEF-B76C39ED3F19}.Release|Any CPU.ActiveCfg = Release|Any CPU
		{0BE3686D-93F4-48E9-9EEF-B76C39ED3F19}.Release|Any CPU.Build.0 = Release|Any CPU
		{A9439D8F-E59A-4794-9001-AE3A6B0D8950}.Debug|Any CPU.ActiveCfg = Debug|Any CPU
		{A9439D8F-E59A-4794-9001-AE3A6B0D8950}.Debug|Any CPU.Build.0 = Debug|Any CPU
		{A9439D8F-E59A-4794-9001-AE3A6B0D8950}.Release|Any CPU.ActiveCfg = Release|Any CPU
		{A9439D8F-E59A-4794-9001-AE3A6B0D8950}.Release|Any CPU.Build.0 = Release|Any CPU
		{79D4678C-D58A-4573-9455-344734C85781}.Debug|Any CPU.ActiveCfg = Debug|Any CPU
		{79D4678C-D58A-4573-9455-344734C85781}.Debug|Any CPU.Build.0 = Debug|Any CPU
		{79D4678C-D58A-4573-9455-344734C85781}.Release|Any CPU.ActiveCfg = Release|Any CPU
		{79D4678C-D58A-4573-9455-344734C85781}.Release|Any CPU.Build.0 = Release|Any CPU
		{A3A24C0C-393D-41C6-8FCC-B677B2AAE7B3}.Debug|Any CPU.ActiveCfg = Debug|Any CPU
		{A3A24C0C-393D-41C6-8FCC-B677B2AAE7B3}.Debug|Any CPU.Build.0 = Debug|Any CPU
		{A3A24C0C-393D-41C6-8FCC-B677B2AAE7B3}.Release|Any CPU.ActiveCfg = Release|Any CPU
		{A3A24C0C-393D-41C6-8FCC-B677B2AAE7B3}.Release|Any CPU.Build.0 = Release|Any CPU
		{0F52EC94-5590-4717-B9A3-C380A22FBC28}.Debug|Any CPU.ActiveCfg = Debug|Any CPU
		{0F52EC94-5590-4717-B9A3-C380A22FBC28}.Debug|Any CPU.Build.0 = Debug|Any CPU
		{0F52EC94-5590-4717-B9A3-C380A22FBC28}.Release|Any CPU.ActiveCfg = Release|Any CPU
		{0F52EC94-5590-4717-B9A3-C380A22FBC28}.Release|Any CPU.Build.0 = Release|Any CPU
		{5557BA45-1D4E-448F-8DA6-EB302E742C1F}.Debug|Any CPU.ActiveCfg = Debug|Any CPU
		{5557BA45-1D4E-448F-8DA6-EB302E742C1F}.Debug|Any CPU.Build.0 = Debug|Any CPU
		{5557BA45-1D4E-448F-8DA6-EB302E742C1F}.Release|Any CPU.ActiveCfg = Release|Any CPU
		{5557BA45-1D4E-448F-8DA6-EB302E742C1F}.Release|Any CPU.Build.0 = Release|Any CPU
		{AAF5B729-99EB-492C-A4E2-6E5EB5669B48}.Debug|Any CPU.ActiveCfg = Debug|Any CPU
		{AAF5B729-99EB-492C-A4E2-6E5EB5669B48}.Debug|Any CPU.Build.0 = Debug|Any CPU
		{AAF5B729-99EB-492C-A4E2-6E5EB5669B48}.Release|Any CPU.ActiveCfg = Release|Any CPU
		{AAF5B729-99EB-492C-A4E2-6E5EB5669B48}.Release|Any CPU.Build.0 = Release|Any CPU
		{8716A44E-0042-4399-ACD1-4103AD723D84}.Debug|Any CPU.ActiveCfg = Debug|Any CPU
		{8716A44E-0042-4399-ACD1-4103AD723D84}.Debug|Any CPU.Build.0 = Debug|Any CPU
		{8716A44E-0042-4399-ACD1-4103AD723D84}.Release|Any CPU.ActiveCfg = Release|Any CPU
		{8716A44E-0042-4399-ACD1-4103AD723D84}.Release|Any CPU.Build.0 = Release|Any CPU
		{F733CB9A-619B-4171-BF11-7C6C49CDB53D}.Debug|Any CPU.ActiveCfg = Debug|Any CPU
		{F733CB9A-619B-4171-BF11-7C6C49CDB53D}.Debug|Any CPU.Build.0 = Debug|Any CPU
		{F733CB9A-619B-4171-BF11-7C6C49CDB53D}.Release|Any CPU.ActiveCfg = Release|Any CPU
		{F733CB9A-619B-4171-BF11-7C6C49CDB53D}.Release|Any CPU.Build.0 = Release|Any CPU
		{17B0CDAC-6916-4E38-867D-58CA7539E838}.Debug|Any CPU.ActiveCfg = Debug|Any CPU
		{17B0CDAC-6916-4E38-867D-58CA7539E838}.Debug|Any CPU.Build.0 = Debug|Any CPU
		{17B0CDAC-6916-4E38-867D-58CA7539E838}.Release|Any CPU.ActiveCfg = Release|Any CPU
		{17B0CDAC-6916-4E38-867D-58CA7539E838}.Release|Any CPU.Build.0 = Release|Any CPU
		{FABC5E61-7F18-4421-AC47-74C43C618EDB}.Debug|Any CPU.ActiveCfg = Debug|Any CPU
		{FABC5E61-7F18-4421-AC47-74C43C618EDB}.Debug|Any CPU.Build.0 = Debug|Any CPU
		{FABC5E61-7F18-4421-AC47-74C43C618EDB}.Release|Any CPU.ActiveCfg = Release|Any CPU
		{FABC5E61-7F18-4421-AC47-74C43C618EDB}.Release|Any CPU.Build.0 = Release|Any CPU
		{E86F9F6A-A6D9-42DD-BC14-A4A2166D220F}.Debug|Any CPU.ActiveCfg = Debug|Any CPU
		{E86F9F6A-A6D9-42DD-BC14-A4A2166D220F}.Debug|Any CPU.Build.0 = Debug|Any CPU
		{E86F9F6A-A6D9-42DD-BC14-A4A2166D220F}.Release|Any CPU.ActiveCfg = Release|Any CPU
		{E86F9F6A-A6D9-42DD-BC14-A4A2166D220F}.Release|Any CPU.Build.0 = Release|Any CPU
		{28B608B5-F4F9-47A2-88B9-60951B743A51}.Debug|Any CPU.ActiveCfg = Debug|Any CPU
		{28B608B5-F4F9-47A2-88B9-60951B743A51}.Debug|Any CPU.Build.0 = Debug|Any CPU
		{28B608B5-F4F9-47A2-88B9-60951B743A51}.Release|Any CPU.ActiveCfg = Release|Any CPU
		{28B608B5-F4F9-47A2-88B9-60951B743A51}.Release|Any CPU.Build.0 = Release|Any CPU
		{15D22B4E-28DC-425C-9EE6-1DB90A24A9A6}.Debug|Any CPU.ActiveCfg = Debug|Any CPU
		{15D22B4E-28DC-425C-9EE6-1DB90A24A9A6}.Debug|Any CPU.Build.0 = Debug|Any CPU
		{15D22B4E-28DC-425C-9EE6-1DB90A24A9A6}.Release|Any CPU.ActiveCfg = Release|Any CPU
		{15D22B4E-28DC-425C-9EE6-1DB90A24A9A6}.Release|Any CPU.Build.0 = Release|Any CPU
		{7494EC52-9722-41BE-A32A-35A7314853D6}.Debug|Any CPU.ActiveCfg = Debug|Any CPU
		{7494EC52-9722-41BE-A32A-35A7314853D6}.Debug|Any CPU.Build.0 = Debug|Any CPU
		{7494EC52-9722-41BE-A32A-35A7314853D6}.Release|Any CPU.ActiveCfg = Release|Any CPU
		{7494EC52-9722-41BE-A32A-35A7314853D6}.Release|Any CPU.Build.0 = Release|Any CPU
		{A23E2B8D-290A-4C8B-AB27-F20594501163}.Debug|Any CPU.ActiveCfg = Debug|Any CPU
		{A23E2B8D-290A-4C8B-AB27-F20594501163}.Debug|Any CPU.Build.0 = Debug|Any CPU
		{A23E2B8D-290A-4C8B-AB27-F20594501163}.Release|Any CPU.ActiveCfg = Release|Any CPU
		{A23E2B8D-290A-4C8B-AB27-F20594501163}.Release|Any CPU.Build.0 = Release|Any CPU
	EndGlobalSection
	GlobalSection(SolutionProperties) = preSolution
		HideSolutionNode = FALSE
	EndGlobalSection
	GlobalSection(NestedProjects) = preSolution
		{63BA6DCD-E73F-45A1-B6C1-E3A13F8F341A} = {DF5BF363-995B-4253-8A9F-0256B99ECA69}
		{81E8C45A-5BB7-43B4-93A9-F5C45329E96C} = {DF5BF363-995B-4253-8A9F-0256B99ECA69}
		{790D0EC9-C81E-418C-8542-C64B8772D8A4} = {DF5BF363-995B-4253-8A9F-0256B99ECA69}
		{CE0FFB45-4D53-41F1-B9CC-8A451E43F44E} = {DF5BF363-995B-4253-8A9F-0256B99ECA69}
		{D9C5B6AD-7A81-404D-B627-9E8EF250887D} = {DF5BF363-995B-4253-8A9F-0256B99ECA69}
		{662F711D-6E26-4017-B1FC-7F02E8081B38} = {DF5BF363-995B-4253-8A9F-0256B99ECA69}
		{9DC143F9-6E1A-490B-A177-69E86C622200} = {DF5BF363-995B-4253-8A9F-0256B99ECA69}
		{0DCAF505-2593-4713-B2FE-4630574F46B0} = {DF5BF363-995B-4253-8A9F-0256B99ECA69}
		{E11670DC-5999-4673-A59E-90941191689A} = {DF5BF363-995B-4253-8A9F-0256B99ECA69}
		{67B36FDA-B199-47E4-AE5F-96F23EB3E49A} = {DF5BF363-995B-4253-8A9F-0256B99ECA69}
		{B51ABC9F-F648-4A71-8638-95D936D986A9} = {DF5BF363-995B-4253-8A9F-0256B99ECA69}
		{0BE3686D-93F4-48E9-9EEF-B76C39ED3F19} = {DF5BF363-995B-4253-8A9F-0256B99ECA69}
		{A9439D8F-E59A-4794-9001-AE3A6B0D8950} = {DF5BF363-995B-4253-8A9F-0256B99ECA69}
		{79D4678C-D58A-4573-9455-344734C85781} = {0BAB9C9B-93F2-4FB8-96F0-DCFB6779DE35}
		{A3A24C0C-393D-41C6-8FCC-B677B2AAE7B3} = {0BAB9C9B-93F2-4FB8-96F0-DCFB6779DE35}
		{0F52EC94-5590-4717-B9A3-C380A22FBC28} = {0BAB9C9B-93F2-4FB8-96F0-DCFB6779DE35}
		{5557BA45-1D4E-448F-8DA6-EB302E742C1F} = {0BAB9C9B-93F2-4FB8-96F0-DCFB6779DE35}
		{AAF5B729-99EB-492C-A4E2-6E5EB5669B48} = {0BAB9C9B-93F2-4FB8-96F0-DCFB6779DE35}
		{8716A44E-0042-4399-ACD1-4103AD723D84} = {0BAB9C9B-93F2-4FB8-96F0-DCFB6779DE35}
		{F733CB9A-619B-4171-BF11-7C6C49CDB53D} = {0BAB9C9B-93F2-4FB8-96F0-DCFB6779DE35}
		{17B0CDAC-6916-4E38-867D-58CA7539E838} = {0BAB9C9B-93F2-4FB8-96F0-DCFB6779DE35}
		{FABC5E61-7F18-4421-AC47-74C43C618EDB} = {0BAB9C9B-93F2-4FB8-96F0-DCFB6779DE35}
		{E86F9F6A-A6D9-42DD-BC14-A4A2166D220F} = {0BAB9C9B-93F2-4FB8-96F0-DCFB6779DE35}
		{28B608B5-F4F9-47A2-88B9-60951B743A51} = {0BAB9C9B-93F2-4FB8-96F0-DCFB6779DE35}
		{15D22B4E-28DC-425C-9EE6-1DB90A24A9A6} = {4C9506E4-505A-4231-B832-CB2B0CD75745}
		{7494EC52-9722-41BE-A32A-35A7314853D6} = {4C9506E4-505A-4231-B832-CB2B0CD75745}
		{A23E2B8D-290A-4C8B-AB27-F20594501163} = {4C9506E4-505A-4231-B832-CB2B0CD75745}
	EndGlobalSection
	GlobalSection(ExtensibilityGlobals) = postSolution
		SolutionGuid = {F69511AB-A2CC-45A1-BED2-5329C5DD17FE}
	EndGlobalSection
EndGlobal
